
Microsoft Visual Studio Solution File, Format Version 12.00
# Visual Studio Version 17
VisualStudioVersion = 17.10.35027.167
MinimumVisualStudioVersion = 10.0.40219.1
Project("{FAE04EC0-301F-11D3-BF4B-00C04F79EFBC}") = "MyFirstMauiApp", "MyFirstMauiApp\MyFirstMauiApp.csproj", "{43A8F647-AF93-4516-9059-292B5BBC8D7E}"
EndProject
Global
	GlobalSection(SolutionConfigurationPlatforms) = preSolution
		Debug|Any CPU = Debug|Any CPU
		Release|Any CPU = Release|Any CPU
	EndGlobalSection
	GlobalSection(ProjectConfigurationPlatforms) = postSolution
		{43A8F647-AF93-4516-9059-292B5BBC8D7E}.Debug|Any CPU.ActiveCfg = Debug|Any CPU
		{43A8F647-AF93-4516-9059-292B5BBC8D7E}.Debug|Any CPU.Build.0 = Debug|Any CPU
		{43A8F647-AF93-4516-9059-292B5BBC8D7E}.Debug|Any CPU.Deploy.0 = Debug|Any CPU
		{43A8F647-AF93-4516-9059-292B5BBC8D7E}.Release|Any CPU.ActiveCfg = Release|Any CPU
		{43A8F647-AF93-4516-9059-292B5BBC8D7E}.Release|Any CPU.Build.0 = Release|Any CPU
		{43A8F647-AF93-4516-9059-292B5BBC8D7E}.Release|Any CPU.Deploy.0 = Release|Any CPU
	EndGlobalSection
	GlobalSection(SolutionProperties) = preSolution
		HideSolutionNode = FALSE
	EndGlobalSection
	GlobalSection(ExtensibilityGlobals) = postSolution
		SolutionGuid = {69EA6AF8-724E-47D6-AD5D-8BA9FE00058E}
	EndGlobalSection
EndGlobal
